
Microsoft Visual Studio Solution File, Format Version 12.00
# Visual Studio Version 16
VisualStudioVersion = 16.0.33214.272
MinimumVisualStudioVersion = 10.0.40219.1
Project("{FAE04EC0-301F-11D3-BF4B-00C04F79EFBC}") = "TaskManager", "TaskManager\TaskManager.csproj", "{A6132A63-5AEC-4B02-8AD8-F983E2D1FA1C}"
EndProject
Global
	GlobalSection(SolutionConfigurationPlatforms) = preSolution
		Debug|Any CPU = Debug|Any CPU
		Release|Any CPU = Release|Any CPU
	EndGlobalSection
	GlobalSection(ProjectConfigurationPlatforms) = postSolution
		{A6132A63-5AEC-4B02-8AD8-F983E2D1FA1C}.Debug|Any CPU.ActiveCfg = Debug|Any CPU
		{A6132A63-5AEC-4B02-8AD8-F983E2D1FA1C}.Debug|Any CPU.Build.0 = Debug|Any CPU
		{A6132A63-5AEC-4B02-8AD8-F983E2D1FA1C}.Release|Any CPU.ActiveCfg = Release|Any CPU
		{A6132A63-5AEC-4B02-8AD8-F983E2D1FA1C}.Release|Any CPU.Build.0 = Release|Any CPU
	EndGlobalSection
	GlobalSection(SolutionProperties) = preSolution
		HideSolutionNode = FALSE
	EndGlobalSection
	GlobalSection(ExtensibilityGlobals) = postSolution
		SolutionGuid = {4C23A84F-E97A-483A-B511-0489E8D5E0FD}
	EndGlobalSection
EndGlobal
